# This file is autogenerated, do not edit; changes may be undone by the next 'dep ensure'.


[[projects]]
  branch = "master"
  name = "github.com/ianlancetaylor/demangle"
  packages = ["."]
  revision = "4883227f66371e02c4948937d3e2be1664d9be38"

[solve-meta]
  analyzer-name = "dep"
  analyzer-version = 1
  inputs-digest = "055e2035a442332613c9a0a8b1fdc5057ee9a7cf138ef64b784a0112c447f935"
  solver-name = "gps-cdcl"
  solver-version = 1
